
Microsoft Visual Studio Solution File, Format Version 12.00
# Visual Studio Version 16
VisualStudioVersion = 16.0.29806.167
MinimumVisualStudioVersion = 10.0.40219.1
Project("{8BC9CEB8-8B4A-11D0-8D11-00A0C91BC942}") = "STB_gold", "STB_gold.vcxproj", "{A708C64C-9FDE-4225-A59A-43D9E2C075EE}"
EndProject
Global
	GlobalSection(SolutionConfigurationPlatforms) = preSolution
		Debug|x64 = Debug|x64
		Debug|x86 = Debug|x86
		Release|x64 = Release|x64
		Release|x86 = Release|x86
	EndGlobalSection
	GlobalSection(ProjectConfigurationPlatforms) = postSolution
		{A708C64C-9FDE-4225-A59A-43D9E2C075EE}.Debug|x64.ActiveCfg = Debug|x64
		{A708C64C-9FDE-4225-A59A-43D9E2C075EE}.Debug|x64.Build.0 = Debug|x64
		{A708C64C-9FDE-4225-A59A-43D9E2C075EE}.Debug|x86.ActiveCfg = Debug|Win32
		{A708C64C-9FDE-4225-A59A-43D9E2C075EE}.Debug|x86.Build.0 = Debug|Win32
		{A708C64C-9FDE-4225-A59A-43D9E2C075EE}.Release|x64.ActiveCfg = Release|x64
		{A708C64C-9FDE-4225-A59A-43D9E2C075EE}.Release|x64.Build.0 = Release|x64
		{A708C64C-9FDE-4225-A59A-43D9E2C075EE}.Release|x86.ActiveCfg = Release|Win32
		{A708C64C-9FDE-4225-A59A-43D9E2C075EE}.Release|x86.Build.0 = Release|Win32
	EndGlobalSection
	GlobalSection(SolutionProperties) = preSolution
		HideSolutionNode = FALSE
	EndGlobalSection
	GlobalSection(ExtensibilityGlobals) = postSolution
		SolutionGuid = {9C7936B6-1345-4B9A-B60E-E1FE5F15ECE9}
	EndGlobalSection
EndGlobal
